
Microsoft Visual Studio Solution File, Format Version 12.00
# Visual Studio Version 17
VisualStudioVersion = 17.8.34330.188
MinimumVisualStudioVersion = 10.0.40219.1
Project("{9A19103F-16F7-4668-BE54-9A1E7A4F7556}") = "BookCollect", "BookCollect\BookCollect.csproj", "{A65B6D32-EAC9-4D91-BD34-6FC6F5E7BD4B}"
EndProject
Project("{FAE04EC0-301F-11D3-BF4B-00C04F79EFBC}") = "PublisherServices", "bookCollect-tests\PublisherServices.csproj", "{864C49C5-7AAD-4780-BEA4-8DC9D9A5F98E}"
EndProject
Global
	GlobalSection(SolutionConfigurationPlatforms) = preSolution
		Debug|Any CPU = Debug|Any CPU
		Release|Any CPU = Release|Any CPU
	EndGlobalSection
	GlobalSection(ProjectConfigurationPlatforms) = postSolution
		{A65B6D32-EAC9-4D91-BD34-6FC6F5E7BD4B}.Debug|Any CPU.ActiveCfg = Debug|Any CPU
		{A65B6D32-EAC9-4D91-BD34-6FC6F5E7BD4B}.Debug|Any CPU.Build.0 = Debug|Any CPU
		{A65B6D32-EAC9-4D91-BD34-6FC6F5E7BD4B}.Release|Any CPU.ActiveCfg = Release|Any CPU
		{A65B6D32-EAC9-4D91-BD34-6FC6F5E7BD4B}.Release|Any CPU.Build.0 = Release|Any CPU
		{864C49C5-7AAD-4780-BEA4-8DC9D9A5F98E}.Debug|Any CPU.ActiveCfg = Debug|Any CPU
		{864C49C5-7AAD-4780-BEA4-8DC9D9A5F98E}.Debug|Any CPU.Build.0 = Debug|Any CPU
		{864C49C5-7AAD-4780-BEA4-8DC9D9A5F98E}.Release|Any CPU.ActiveCfg = Release|Any CPU
		{864C49C5-7AAD-4780-BEA4-8DC9D9A5F98E}.Release|Any CPU.Build.0 = Release|Any CPU
	EndGlobalSection
	GlobalSection(SolutionProperties) = preSolution
		HideSolutionNode = FALSE
	EndGlobalSection
	GlobalSection(ExtensibilityGlobals) = postSolution
		SolutionGuid = {B275ADBA-8D93-403F-AFDB-0C09C3E3F3F7}
	EndGlobalSection
EndGlobal
